PODS:
  - FLAnimatedImage (1.0.12)
  - KonoViewerKit (0.4)
  - Masonry (1.0.2)
  - MBProgressHUD (0.9.2)
  - MZAppearance (1.1.6)
  - MZFormSheetController (1.4.1):
    - MZAppearance (~> 1.1.1)
  - PINCache (2.3)
  - PINRemoteImage (2.1.4):
    - PINRemoteImage/FLAnimatedImage (= 2.1.4)
  - PINRemoteImage/Core (2.1.4):
    - PINCache (>= 2.1)
  - PINRemoteImage/FLAnimatedImage (2.1.4):
    - FLAnimatedImage (>= 1.0)
    - PINRemoteImage/Core
  - WYPopoverController (0.3.9)

DEPENDENCIES:
  - KonoViewerKit (from `https://github.com/theKono/ios-KonoViewer.git`, branch `ALC/scrolling_content`)
  - Masonry
  - MBProgressHUD (~> 0.8)
  - MZFormSheetController (~> 1.4.0)
  - PINRemoteImage
  - WYPopoverController (from `https://github.com/sammcewan/WYPopoverController.git`)

EXTERNAL SOURCES:
  KonoViewerKit:
    :branch: ALC/scrolling_content
    :git: https://github.com/theKono/ios-KonoViewer.git
  WYPopoverController:
    :git: https://github.com/sammcewan/WYPopoverController.git

CHECKOUT OPTIONS:
  KonoViewerKit:
    :commit: 9a2193c90f889a9d216084c4ce5d7a1ee6efe999
    :git: https://github.com/theKono/ios-KonoViewer.git
  WYPopoverController:
    :commit: 9b8011bd95bd95f6fca6a0afa78965fbf645a062
    :git: https://github.com/sammcewan/WYPopoverController.git

SPEC CHECKSUMS:
  FLAnimatedImage: 4a0b56255d9b05f18b6dd7ee06871be5d3b89e31
  KonoViewerKit: 5fd886c31c70a5b50af8fdc8d33cc31fcaf975cd
  Masonry: 7c429b56da9d4ee0bbb3ed77a5ea710d6a5df39e
  MBProgressHUD: 1569cf7ace17a8bac47aabfbb8580a49690386d1
  MZAppearance: 0c06d3fa9cc55142f1da14bc8631fbe8fd6e19d5
  MZFormSheetController: 12215e9a7641d74f1a80fa56ef1b40607c423a0c
  PINCache: ce36ed282031b92fc7733ffe831f474ff80fddc2
  PINRemoteImage: 4ac4011c5caefd6befd99758e09becede05d3226
  WYPopoverController: a9db25ac2841a686acdc0f3a99bdb21545db32f4

PODFILE CHECKSUM: bb15499bba0c3376248d5140bc735e6e524326fc

COCOAPODS: 1.0.1
